
Microsoft Visual Studio Solution File, Format Version 12.00
# Visual Studio Version 17
VisualStudioVersion = 17.3.32811.315
MinimumVisualStudioVersion = 10.0.40219.1
Project("{FAE04EC0-301F-11D3-BF4B-00C04F79EFBC}") = "WebApplication1.1", "WebApplication1.1\WebApplication1.1.csproj", "{56930C35-944D-4A71-B3AF-6F1F09B98AD9}"
EndProject
Global
	GlobalSection(SolutionConfigurationPlatforms) = preSolution
		Debug|Any CPU = Debug|Any CPU
		Release|Any CPU = Release|Any CPU
	EndGlobalSection
	GlobalSection(ProjectConfigurationPlatforms) = postSolution
		{56930C35-944D-4A71-B3AF-6F1F09B98AD9}.Debug|Any CPU.ActiveCfg = Debug|Any CPU
		{56930C35-944D-4A71-B3AF-6F1F09B98AD9}.Debug|Any CPU.Build.0 = Debug|Any CPU
		{56930C35-944D-4A71-B3AF-6F1F09B98AD9}.Release|Any CPU.ActiveCfg = Release|Any CPU
		{56930C35-944D-4A71-B3AF-6F1F09B98AD9}.Release|Any CPU.Build.0 = Release|Any CPU
	EndGlobalSection
	GlobalSection(SolutionProperties) = preSolution
		HideSolutionNode = FALSE
	EndGlobalSection
	GlobalSection(ExtensibilityGlobals) = postSolution
		SolutionGuid = {EAFD1586-ABF5-4FD5-A2A8-7550011F3E27}
	EndGlobalSection
EndGlobal
